
Microsoft Visual Studio Solution File, Format Version 12.00
# Visual Studio 15
VisualStudioVersion = 15.0.28010.2041
MinimumVisualStudioVersion = 10.0.40219.1
Project("{FAE04EC0-301F-11D3-BF4B-00C04F79EFBC}") = "Vantagepoint NEA Project", "Vantagepoint NEA Project\Vantagepoint NEA Project.csproj", "{27052740-5D8D-40E4-ACA3-68DE53CA71E1}"
EndProject
Global
	GlobalSection(SolutionConfigurationPlatforms) = preSolution
		Debug|Any CPU = Debug|Any CPU
		Release|Any CPU = Release|Any CPU
	EndGlobalSection
	GlobalSection(ProjectConfigurationPlatforms) = postSolution
		{27052740-5D8D-40E4-ACA3-68DE53CA71E1}.Debug|Any CPU.ActiveCfg = Debug|Any CPU
		{27052740-5D8D-40E4-ACA3-68DE53CA71E1}.Debug|Any CPU.Build.0 = Debug|Any CPU
		{27052740-5D8D-40E4-ACA3-68DE53CA71E1}.Release|Any CPU.ActiveCfg = Release|Any CPU
		{27052740-5D8D-40E4-ACA3-68DE53CA71E1}.Release|Any CPU.Build.0 = Release|Any CPU
	EndGlobalSection
	GlobalSection(SolutionProperties) = preSolution
		HideSolutionNode = FALSE
	EndGlobalSection
	GlobalSection(ExtensibilityGlobals) = postSolution
		SolutionGuid = {959291FE-43B0-4F87-BF53-49EC5F0DF84B}
	EndGlobalSection
EndGlobal
